{
  "version": "5",
  "specifiers": {
    "jsr:@std/internal@^1.0.12": "1.0.12",
    "jsr:@std/path@1": "1.1.4"
  },
  "jsr": {
    "@std/internal@1.0.12": {
      "integrity": "972a634fd5bc34b242024402972cd5143eac68d8dffaca5eaa4dba30ce17b027"
    },
    "@std/path@1.1.4": {
      "integrity": "1d2d43f39efb1b42f0b1882a25486647cb851481862dc7313390b2bb044314b5",
      "dependencies": [
        "jsr:@std/internal"
      ]
    }
  },
  "workspace": {
    "packageJson": {
      "dependencies": [
        "npm:@adobe/css-tools@^4.4.4",
        "npm:@ampproject/remapping@^2.3.0",
        "npm:@atlaskit/pragmatic-drag-and-drop-hitbox@^1.1.0",
        "npm:@atlaskit/pragmatic-drag-and-drop@^1.7.7",
        "npm:@guolao/vue-monaco-editor@^1.6.0",
        "npm:@iconify-json/arcticons@^1.2.49",
        "npm:@iconify-json/bx@^1.2.2",
        "npm:@iconify-json/devicon@^1.2.58",
        "npm:@iconify-json/fa6-brands@^1.2.6",
        "npm:@iconify-json/fa6-solid@^1.2.4",
        "npm:@iconify-json/fluent@^1.2.39",
        "npm:@iconify-json/healthicons@^1.2.12",
        "npm:@iconify-json/iconoir@^1.2.10",
        "npm:@iconify-json/line-md@^1.2.14",
        "npm:@iconify-json/mage@^1.2.4",
        "npm:@iconify-json/mdi@^1.2.3",
        "npm:@iconify-json/octicon@^1.2.21",
        "npm:@iconify-json/skill-icons@^1.2.3",
        "npm:@iconify-json/tabler@^1.2.26",
        "npm:@jsr/std__encoding@^1.0.10",
        "npm:@jsr/std__html@^1.0.5",
        "npm:@kucrut/vite-for-wp@0.12",
        "npm:@master/colors@3",
        "npm:@nuxt/ui@4.4.0",
        "npm:@shikijs/transformers@^3.22.0",
        "npm:@tailwindcss/language-service@~0.14.29",
        "npm:@tailwindcss/oxide-wasm32-wasi@4.2.0",
        "npm:@types/css-tree@^2.3.11",
        "npm:@types/lodash-es@^4.17.12",
        "npm:@types/lodash@^4.17.23",
        "npm:@types/node@^25.3.0",
        "npm:@types/postcss-import@^14.0.3",
        "npm:@types/postcss-safe-parser@^5.0.4",
        "npm:@vitejs/plugin-react@^5.1.4",
        "npm:@vitejs/plugin-vue@^6.0.4",
        "npm:@vueuse/core@^14.2.1",
        "npm:@vueuse/integrations@^14.2.1",
        "npm:@windpress/oxide-parser@^1.0.16",
        "npm:@wordpress/block-editor@15.12.0",
        "npm:@wordpress/components@^32.2.0",
        "npm:@wordpress/i18n@^6.13.0",
        "npm:autosize@^6.0.1",
        "npm:browserslist@^4.28.1",
        "npm:buffer-crc32@1",
        "npm:colorjs.io@0.6.1",
        "npm:css-tree@^3.1.0",
        "npm:dayjs@^1.11.19",
        "npm:eslint-plugin-oxlint@^1.48.0",
        "npm:eslint-plugin-vue@^10.8.0",
        "npm:eslint@10",
        "npm:floating-vue@^5.2.2",
        "npm:fuse.js@^7.1.0",
        "npm:idb-keyval@^6.2.2",
        "npm:lightningcss-wasm@^1.31.1",
        "npm:lightningcss@^1.31.1",
        "npm:lodash-es@^4.17.23",
        "npm:magic-string@~0.30.21",
        "npm:maska@^3.2.0",
        "npm:memfs@^4.56.10",
        "npm:minimatch@^10.2.1",
        "npm:monaco-editor@~0.55.1",
        "npm:nanoid@^5.1.6",
        "npm:oxlint@^1.48.0",
        "npm:parse-package-name@1",
        "npm:pinia@^3.0.4",
        "npm:postcss-import@^16.1.1",
        "npm:postcss-nested@^7.0.2",
        "npm:postcss-safe-parser@^7.0.1",
        "npm:postcss-selector-parser@^7.1.1",
        "npm:postcss-value-parser@^4.2.0",
        "npm:postcss@^8.5.6",
        "npm:pretty-bytes@^7.1.0",
        "npm:pretty-ms@^9.3.0",
        "npm:react-dom@^19.2.4",
        "npm:react@^19.2.4",
        "npm:redaxios@~0.5.1",
        "npm:rollup-plugin-external-globals@0.13",
        "npm:sass-embedded@^1.97.3",
        "npm:shiki@^3.22.0",
        "npm:tailwindcss-language-service@^0.0.28",
        "npm:tailwindcss@^3.4.19",
        "npm:tailwindcss@^4.2.0",
        "npm:tippy.js@^6.3.7",
        "npm:typescript-eslint@^8.56.0",
        "npm:unplugin-icons@^23.0.1",
        "npm:unplugin-vue-components@31",
        "npm:vite-plugin-external@^6.2.2",
        "npm:vite-plugin-node-polyfills@0.25",
        "npm:vite-plugin-static-copy@^3.2.0",
        "npm:vite-plugin-svgr@^4.5.0",
        "npm:vite-plugin-top-level-await@^1.6.0",
        "npm:vite-plugin-wasm@^3.5.0",
        "npm:vite@8.0.0-beta.8",
        "npm:vitest@^4.0.18",
        "npm:vscode-languageserver-textdocument@^1.0.12",
        "npm:vue-color@^3.3.3",
        "npm:vue-inline-svg@^4.0.1",
        "npm:vue-router@^5.0.2",
        "npm:vue@^3.5.28",
        "npm:yaml@^2.8.2",
        "npm:zod@^4.3.6"
      ]
    }
  }
}
